{
    "_meta": {
        "hash": {
            "sha256": "069844ad9abee2abb42b22292553ee3e8bc34c4f252650cf95816d6a956f5588"
        },
        "pipfile-spec": 6,
        "requires": {
            "python_version": "3.7"
        },
        "sources": [
            {
                "name": "pypi",
                "url": "https://pypi.org/simple",
                "verify_ssl": true
            }
        ]
    },
    "default": {
        "cachetools": {
            "hashes": [
                "sha256:2cc0b89715337ab6dbba85b5b50effe2b0c74e035d83ee8ed637cf52f12ae001",
                "sha256:61b5ed1e22a0924aed1d23b478f37e8d52549ff8a961de2909c69bf950020cff"
            ],
            "version": "==4.2.2"
        },
        "certifi": {
            "hashes": [
                "sha256:1a4995114262bffbc2413b159f2a1a480c969de6e6eb13ee966d470af86af59c",
                "sha256:719a74fb9e33b9bd44cc7f3a8d94bc35e4049deebe19ba7d8e108280cfd59830"
            ],
            "version": "==2020.12.5"
        },
        "chardet": {
            "hashes": [
                "sha256:0d6f53a15db4120f2b08c94f11e7d93d2c911ee118b6b30a04ec3ee8310179fa",
                "sha256:f864054d66fd9118f2e67044ac8981a54775ec5b67aed0441892edb553d21da5"
            ],
            "version": "==4.0.0"
        },
        "cython": {
            "hashes": [
                "sha256:105d813eedf276588a02a240ece2f7bca8235aee9bb48e25293410c3c1ac7230",
                "sha256:15b2ba47858d7949a036d4ba6e838120bf3c06983769e99d12867a2c8cd0cd91",
                "sha256:182e78d75515e3d50f31cfde501fbf2af7ee0698e8149f41048db5d3c98ffc8f",
                "sha256:3ce10572a6b7fd5baa755f11cdf09830ae518e6f837aa38c31ec534b1f874fd4",
                "sha256:40a87c9ecd0b1b485804c70b16427e88bd07bff9f270d022d872869ff4d6ac6e",
                "sha256:59c950513c485f1e8da0e04a2a91f71508c5e98b6912ce66588c6aee72d8e4d1",
                "sha256:5cc5e72a106d7abc12b6e58883c914bce0b2031df6035014094a15593052db12",
                "sha256:6609babc68d37bb92a1b85ebd867405f720aeb2a6af946f6bd7f71b22dbb91cf",
                "sha256:667b169c89c4b8eb79d35822508ed8d77b9421af085142fad20bfef775a295d2",
                "sha256:7265abb33f154663a052c47213b978ec703f89a938bca38f425f25d4e8ba2211",
                "sha256:761b965b5abcea072ba642dbb740e44532bc88618f34b605c05de1d6088b1cdd",
                "sha256:88bebb8803adac0b64426fd261752925e8bf301b1986078e9506670bcbb5307f",
                "sha256:92c028e0d4ac9e32b2cf6c970f7f6c5c3aaa87f011798201ef56746705a8f01a",
                "sha256:97511722515b66851d3f77d64b1970a97e5114c4007efd5a0a307936e156a24c",
                "sha256:a6f5bf7fece95dd62ba13a9edb7d3ecc1a9097e6f0fde78c5fad763163157472",
                "sha256:a8aee32da407f215652959fc6568277cfd35a24714a5238c8a9778bf34d91ace",
                "sha256:ab4c34d8693a62f1b8261a131784a3db397ceaa03ea90a5799574623acaa2c2c",
                "sha256:af646d37e23fc3ba217c587096fac4e57006d8173d2a2365763287071e0eec2d",
                "sha256:b53c9d7b545c70f462408000affdd330cb87d05f83a58a9ccd72d19c8df80d56",
                "sha256:ba7f34e07ca0d1ce4ba8d9e3da6d2eb0b1ac6cb9896d2c821b28a9ac9504bcfe",
                "sha256:bbc48be45ee9eba2d0268bf616220cfb46d998ad85524f3cf752d55eb6dd3379",
                "sha256:c4f2c8cceffd8403468b542570826174564fe2c6549dd199a75c13720add4981",
                "sha256:d73a4851d1dbdcc70e619ccb104877d5e523d0fc5aef6fb6fbba4344c1f60cae",
                "sha256:d76feb00f754d86e6d48f39b59a4e9a8fcfed1e6e3e433d18e3677ff19ff2911",
                "sha256:dc42b78b62815abea19a37d186011cca57f72ec509f56fa6c43a71b2e8c6a24f",
                "sha256:df6b83c7a6d1d967ea89a2903e4a931377634a297459652e4551734c48195406",
                "sha256:e8c84ad389b3f36433e1be88dd7a1e36db4ab5b4848f5899cbd0a1cdc443b925",
                "sha256:f5f57b2e13cc3aa95526145ffa551df529f04bf5d137c59350e7accff9362dc0",
                "sha256:f7064df99094b4fd09c9ebcca6c94a652fac04c7dce514a4f2ab6ce23fcd0ba4",
                "sha256:f89c19480d137026f04a34cbd54ab0fb328b29005c91d3a36d06b9c4710152c1",
                "sha256:fedecbd2ad6535e30dd3b43ca9b493a1930d5167257a3fb60687bd425f6fdc54"
            ],
            "index": "pypi",
            "version": "==0.29.22"
        },
        "docutils": {
            "hashes": [
                "sha256:0c5b78adfbf7762415433f5515cd5c9e762339e23369dbe8000d84a4bf4ab3af",
                "sha256:c2de3a60e9e7d07be26b7f2b00ca0309c207e06c100f9cc2a94931fc75a478fc"
            ],
            "index": "pypi",
            "version": "==0.16"
        },
        "google-api-python-client": {
            "hashes": [
                "sha256:5d5cb02c6f3112c68eed51b74891a49c0e35263380672d662f8bfe85b8114d7c",
                "sha256:7cc47cf80b25ecd7f3d917ea247bb6c62587514e40604ae29c47c0e4ebd1174b"
            ],
            "index": "pypi",
            "version": "==1.7.4"
        },
        "google-auth": {
            "hashes": [
                "sha256:588bdb03a41ecb4978472b847881e5518b5d9ec6153d3d679aa127a55e13b39f",
                "sha256:9ad25fba07f46a628ad4d0ca09f38dcb262830df2ac95b217f9b0129c9e42206"
            ],
            "version": "==1.30.0"
        },
        "google-auth-httplib2": {
            "hashes": [
                "sha256:31e49c36c6b5643b57e82617cb3e021e3e1d2df9da63af67252c02fa9c1f4a10",
                "sha256:a07c39fd632becacd3f07718dfd6021bf396978f03ad3ce4321d060015cc30ac"
            ],
            "version": "==0.1.0"
        },
        "httplib2": {
            "hashes": [
                "sha256:0b12617eeca7433d4c396a100eaecfa4b08ee99aa881e6df6e257a7aad5d533d",
                "sha256:2ad195faf9faf079723f6714926e9a9061f694d07724b846658ce08d40f522b4"
            ],
            "version": "==0.19.1"
        },
        "idna": {
            "hashes": [
                "sha256:b307872f855b18632ce0c21c5e45be78c0ea7ae4c15c828c20788b26921eb3f6",
                "sha256:b97d804b1e9b523befed77c48dacec60e6dcb0b5391d57af6a65a312a90648c0"
            ],
            "version": "==2.10"
        },
        "kivy": {
            "hashes": [
                "sha256:23a7538f9c02e5d7f82f0b92d7fd313fa21ee8f0bd9890283fc7e7b02090f101",
                "sha256:256846daa1a35b54b00426f7468423a962c3d8f909d7e8c713acab55c3281dee",
                "sha256:3e739c04d3a2f38cb76779d721487131cff8ed84dbc1730d5025d62306bf6e52",
                "sha256:5bd7dba6b0bc1f71623fa734fd63e38038772336995a334718cf8474a877eb40",
                "sha256:7d736474c8075d6ee17203bd5bd42d74307239409442b27d5bcb3f3641ab0414",
                "sha256:802982bbc7ff45bc2fa8af3816008252a3e63ded949a9f5ed6d361ecb3cfc2b7",
                "sha256:86cf1f0e40ef411872c9dbc75fc1e17ec6579d1e55cafe286da6c67c07dba4cb",
                "sha256:8973ed9f0cb0d9ef0f3a520841c61c0093788a7382e8ebe7c108ec03766d9fef",
                "sha256:98ed5f46f05707a80e32a4fdd7e9fce4ac5f15da8fc83f91d5769dc66f137e20",
                "sha256:a4a693d6d1fc26928498512b9da797581e407543a644b4e0c92b9297ea2fbec9",
                "sha256:aae542f2c030d4d95f5a717b7c862cd9537b74b99010b08807db63fdd9b029e0",
                "sha256:bfb6b801599eac5aa9388308119d42a637a495945c79e2e2a3f6ef60c563c770",
                "sha256:d25e44eb44e43762b2fd0c5874e51954e0f1181fd9800d8a6756be6d084812d8",
                "sha256:eb1cc4c1e223e290d413a383ac864d29d098b8abba8e881159c7d1177c6579af",
                "sha256:eca7bde37a2cffffdcdde85ac385c2e55d776333db00be0497bf884f61022d24",
                "sha256:ed1c3076d9ef1171f6076b3b97215e5c0bcea831ca308722677611a551f16b1b",
                "sha256:ef3727a47a565e6ea486365ee310bfb0445fcf7f0ab40c1461cbf304973637eb"
            ],
            "index": "pypi",
            "version": "==2.0.0"
        },
        "kivy-garden": {
            "hashes": [
                "sha256:c256f42788421273a08fbb0a228f0fb0e80dd86b629fb8c0920507f645be6c72"
            ],
            "version": "==0.1.4"
        },
        "pyasn1": {
            "hashes": [
                "sha256:39c7e2ec30515947ff4e87fb6f456dfc6e84857d34be479c9d4a4ba4bf46aa5d",
                "sha256:aef77c9fb94a3ac588e87841208bdec464471d9871bd5050a287cc9a475cd0ba"
            ],
            "version": "==0.4.8"
        },
        "pyasn1-modules": {
            "hashes": [
                "sha256:905f84c712230b2c592c19470d3ca8d552de726050d1d1716282a1f6146be65e",
                "sha256:a50b808ffeb97cb3601dd25981f6b016cbb3d31fbf57a8b8a87428e6158d0c74"
            ],
            "version": "==0.2.8"
        },
        "pyaudio": {
            "hashes": [
                "sha256:0d92f6a294565260a282f7c9a0b0d309fc8cc988b5ee5b50645634ab9e2da7f7",
                "sha256:259bb9c1363be895b4f9a97e320a6017dd06bc540728c1a04eb4a7b6fe75035b",
                "sha256:2a19bdb8ec1445b4f3e4b7b109e0e4cec1fd1f1ce588592aeb6db0b58d4fb3b0",
                "sha256:51b558d1b28c68437b53218279110db44f69f3f5dd3d81859f569a4a96962bdc",
                "sha256:589bfad2c615dd4b5d3757e763019c42ab82f06fba5cae64ec02fd7f5ae407ed",
                "sha256:8f89075b4844ea94dde0c951c2937581c989fabd4df09bfd3f075035f50955df",
                "sha256:93bfde30e0b64e63a46f2fd77e85c41fd51182a4a3413d9edfaf9ffaa26efb74",
                "sha256:cf1543ba50bd44ac0d0ab5c035bb9c3127eb76047ff12235149d9adf86f532b6",
                "sha256:f78d543a98b730e64621ebf7f3e2868a79ade0a373882ef51c0293455ffa8e6e"
            ],
            "index": "pypi",
            "version": "==0.2.11"
        },
        "pygame": {
            "hashes": [
                "sha256:22d5195a72b9a300cb7e87d7bde1373930a02b1054e95bc431d26a321ae15d07",
                "sha256:2a8292d0b5a67e0b96d2cae09bbd8252e99daffe95fd88a00166b92fb6497b40",
                "sha256:2ee479b0120cc82f04f7c41a09d75fc85c9992ed1a26c9527fb2b7b0637e6739",
                "sha256:4847550da37d3bc702e0201a035de005f184b19e86625a3c70ab1d318317ee91",
                "sha256:4d4985d0e0e5470c5ef872d65a863f1722d85a136327eb3bb5dcafc2853f2e55",
                "sha256:5cf670378c8aabdf1bdf283eeec690c93f95dfe8de77c66bc837c91274c8ca49",
                "sha256:643de45518d11cb7784e3fe77aef43fe3cb7e0d6b495ad4361ade931f16c334b",
                "sha256:66746c32d21d8193ab066fdf90da96ed993c4818adb13bf4eaa472f306f7f421",
                "sha256:73c86fdbbfc5ae77d0271fb0964f4a3fc639cc2277ffeb60ee4e981fb0d27640",
                "sha256:751021819bdc0cbe5cbd51904abb6ff9e9aee5b0e8955af02284d0e77d6c9ec2",
                "sha256:792f8d1a455d5d1de9c8f2cc051c6dac2b90705afc4cf9fe4933aeb296b0ae3f",
                "sha256:831c906d4a70aa58f9382e79671525805583b58ac8c895b4c4bd066e8858a1a1",
                "sha256:834ee27388563f15e6c736aa4850e4cf95609f67056ee73ff646528bb658e79e",
                "sha256:925e6be8e8c3f1cec016f5a68f369491ae34600e04633759e0e07780ce7bd083",
                "sha256:96a8f61c729d82576ee3d5cfe3b0b91e7b52a4fbf3d618a3b659347eeb4fd937",
                "sha256:97615fb075808b4709f6115e3a11a253bfac78614f430bededbc0ac76a5100af",
                "sha256:c49ece0e4ba71be90ed4bf6a905c35e5c1a95c4c0b0b42eaff74ab69c5793847",
                "sha256:e8626d4d4e7617ebf103d96a493b9cbe53f9b39cd46ecbff232e33ba4a082530",
                "sha256:ea7da8dd7fbc12becccf691b4c76fbb381e369e124c30e21f9ed263b6e7e139a"
            ],
            "index": "pypi",
            "version": "==1.9.3"
        },
        "pygments": {
            "hashes": [
                "sha256:2656e1a6edcdabf4275f9a3640db59fd5de107d88e8663c5d4e9a0fa62f77f94",
                "sha256:534ef71d539ae97d4c3a4cf7d6f110f214b0e687e92f9cb9d2a3b0d3101289c8"
            ],
            "index": "pypi",
            "version": "==2.8.1"
        },
        "pykakasi": {
            "hashes": [
                "sha256:069357ca1a9e93aa182e0ededafbcd4f5d002a01bd319cacb206347faf85bda1",
                "sha256:a543b4f64b3ff29837bbbcde899cfae43dde7eeee0eb8f8215016a90dcf924f1",
                "sha256:ab4dd65119adc5970639bbe1bf4c43885023bab4951363e8e8d99c25a9053898",
                "sha256:b20cce1feb14374cc10cec192930739bdea9e2848d451c7356661f0f5b73c283",
                "sha256:b80ef6ce14ac24503b2885c6e6a23549624f918a5ed333c5a0ae940835142d3e",
                "sha256:eab732fb0b5de62c08a8a1eaef5caa0bf26644d11ef4aaa7cbbc44d48be349ab"
            ],
            "index": "pypi",
            "version": "==0.93"
        },
        "pyparsing": {
            "hashes": [
                "sha256:c203ec8783bf771a155b207279b9bccb8dea02d8f0c9e5f8ead507bc3246ecc1",
                "sha256:ef9d7589ef3c200abe66653d3f1ab1033c3c419ae9b9bdb1240a85b024efc88b"
            ],
            "version": "==2.4.7"
        },
        "requests": {
            "hashes": [
                "sha256:27973dd4a904a4f13b263a19c866c13b92a39ed1c964655f025f3f8d3d75b804",
                "sha256:c210084e36a42ae6b9219e00e48287def368a26d03a048ddad7bfee44f75871e"
            ],
            "version": "==2.25.1"
        },
        "rsa": {
            "hashes": [
                "sha256:69805d6b69f56eb05b62daea3a7dbd7aa44324ad1306445e05da8060232d00f4",
                "sha256:a8774e55b59fd9fc893b0d05e9bfc6f47081f46ff5b46f39ccf24631b7be356b"
            ],
            "index": "pypi",
            "version": "==4.7"
        },
        "semidbm": {
            "hashes": [
                "sha256:0dd74b5e9276eb5af186ace8b74165acec0c887e746bdae60340be91b99cffaf",
                "sha256:add3e644dd6afcce83d1752b34ff80fa4e2b37b4ce6bce3289ad19d6f0bcd6ae"
            ],
            "index": "pypi",
            "version": "==0.5.1"
        },
        "six": {
            "hashes": [
                "sha256:70e8a77beed4562e7f14fe23a786b54f6296e34344c23bc42f07b15018ff98e9",
                "sha256:832dc0e10feb1aa2c68dcc57dbb658f1c7e65b9b61af69048abc87a2db00a0eb"
            ],
            "index": "pypi",
            "version": "==1.11.0"
        },
        "speechrecognition": {
            "hashes": [
                "sha256:4d8f73a0c05ec70331c3bacaa89ecc06dfa8d9aba0899276664cda06ab597e8e"
            ],
            "index": "pypi",
            "version": "==3.8.1"
        },
        "uritemplate": {
            "hashes": [
                "sha256:07620c3f3f8eed1f12600845892b0e036a2420acf513c53f7de0abd911a5894f",
                "sha256:5af8ad10cec94f215e3f48112de2022e1d5a37ed427fbd88652fa908f2ab7cae"
            ],
            "version": "==3.0.1"
        },
        "urllib3": {
            "hashes": [
                "sha256:2f4da4594db7e1e110a944bb1b551fdf4e6c136ad42e4234131391e21eb5b0df",
                "sha256:e7b021f7241115872f92f43c6508082facffbd1c048e3c6e2bb9c2a157e28937"
            ],
            "version": "==1.26.4"
        }
    },
    "develop": {}
}
